
Microsoft Visual Studio Solution File, Format Version 12.00
# Visual Studio 15
VisualStudioVersion = 15.0.27004.2009
MinimumVisualStudioVersion = 10.0.40219.1
Project("{FAE04EC0-301F-11D3-BF4B-00C04F79EFBC}") = "OOPBitirmeProjesi2", "OOPBitirmeProjesi2\OOPBitirmeProjesi2.csproj", "{36037A87-14B1-40C9-A902-F41F0C882F82}"
EndProject
Global
	GlobalSection(SolutionConfigurationPlatforms) = preSolution
		Debug|Any CPU = Debug|Any CPU
		Release|Any CPU = Release|Any CPU
	EndGlobalSection
	GlobalSection(ProjectConfigurationPlatforms) = postSolution
		{36037A87-14B1-40C9-A902-F41F0C882F82}.Debug|Any CPU.ActiveCfg = Debug|Any CPU
		{36037A87-14B1-40C9-A902-F41F0C882F82}.Debug|Any CPU.Build.0 = Debug|Any CPU
		{36037A87-14B1-40C9-A902-F41F0C882F82}.Release|Any CPU.ActiveCfg = Release|Any CPU
		{36037A87-14B1-40C9-A902-F41F0C882F82}.Release|Any CPU.Build.0 = Release|Any CPU
	EndGlobalSection
	GlobalSection(SolutionProperties) = preSolution
		HideSolutionNode = FALSE
	EndGlobalSection
	GlobalSection(ExtensibilityGlobals) = postSolution
		SolutionGuid = {586422B2-A516-42AE-83CB-8CDE3C4D5F9F}
	EndGlobalSection
EndGlobal
